github.com/bufbuild/protovalidate v0.0.0-20260727213012-9605613b30831cd8f08838e58c37da786dcb1506 h1:72ILmijSU5MzHdH/g4avmDY+BIWBl/Gzdspvb/vxH5w=
github.com/googleapis/googleapis v0.0.0-20260814130038-ca91093129b6744ee1dbb062381cdf63dcec669b h1:0n354LWVzyKKSwcB/aTdymDrJy6ZLb1QnUni+0/clh8=
github.com/grpc-ecosystem/grpc-gateway v0.0.0-20260816061625-f8bc09e97c22acb0da42683ca691156f24ab65cf h1:Nt6A8OcWdFc+XAZwd0GcNXkH9ozh9Jgh7oDNiPg/76E=
