github.com/bufbuild/protovalidate tools/v1.2.2^{} h1:TL8igYiVyiAq0ANuCt1lqJAph0Ny/LAovLa3XuEKqM4=
github.com/googleapis/googleapis v0.0.0-20260710131350-95de37fafded89761dd958268242904a6d893eae h1:sFHAAhTwubUBQoTU/mcxbsWsEamXy3oXWOc+R2kaDB0=
github.com/grpc-ecosystem/grpc-gateway v0.0.0-20260711134222-5e29d8b930388186aa6921d2f273a40db4075a88 h1:lsGfd4Dsj0Cp8gbYExq0Y3ibZ6ajwVo0v/lSXe8phYA=
